# This file is @generated by PDM.
# It is not intended for manual editing.

[metadata]
groups = ["default"]
strategy = ["cross_platform", "inherit_metadata"]
lock_version = "4.4.1"
content_hash = "sha256:851e20fb968060dbcb00f8e59697fafd69362c44bd8a9f5d0a33d2ffee5958e2"

[[package]]
name = "cffi"
version = "1.16.0"
requires_python = ">=3.8"
summary = "Foreign Function Interface for Python calling C code."
groups = ["default"]
marker = "platform_python_implementation == \"PyPy\""
dependencies = [
    "pycparser",
]
files = [
    {file = "cffi-1.16.0-cp38-cp38-macosx_10_9_x86_64.whl", hash = "sha256:0c9ef6ff37e974b73c25eecc13952c55bceed9112be2d9d938ded8e856138bcc"},
    {file = "cffi-1.16.0-cp38-cp38-manylinux_2_12_i686.manylinux2010_i686.manylinux_2_17_i686.manylinux2014_i686.whl", hash = "sha256:a09582f178759ee8128d9270cd1344154fd473bb77d94ce0aeb2a93ebf0feaf0"},
    {file = "cffi-1.16.0-cp38-cp38-manylinux_2_17_aarch64.manylinux2014_aarch64.whl", hash = "sha256:e760191dd42581e023a68b758769e2da259b5d52e3103c6060ddc02c9edb8d7b"},
    {file = "cffi-1.16.0-cp38-cp38-manylinux_2_17_ppc64le.manylinux2014_ppc64le.whl", hash = "sha256:80876338e19c951fdfed6198e70bc88f1c9758b94578d5a7c4c91a87af3cf31c"},
    {file = "cffi-1.16.0-cp38-cp38-manylinux_2_17_s390x.manylinux2014_s390x.whl", hash = "sha256:a6a14b17d7e17fa0d207ac08642c8820f84f25ce17a442fd15e27ea18d67c59b"},
    {file = "cffi-1.16.0-cp38-cp38-manylinux_2_17_x86_64.manylinux2014_x86_64.whl", hash = "sha256:6602bc8dc6f3a9e02b6c22c4fc1e47aa50f8f8e6d3f78a5e16ac33ef5fefa324"},
    {file = "cffi-1.16.0-cp38-cp38-win32.whl", hash = "sha256:131fd094d1065b19540c3d72594260f118b231090295d8c34e19a7bbcf2e860a"},
    {file = "cffi-1.16.0-cp38-cp38-win_amd64.whl", hash = "sha256:31d13b0f99e0836b7ff893d37af07366ebc90b678b6664c955b54561fc36ef36"},
    {file = "cffi-1.16.0.tar.gz", hash = "sha256:bcb3ef43e58665bbda2fb198698fcae6776483e0c4a631aa5647806c25e02cc0"},
]

[[package]]
name = "nuitka"
version = "2.3"
summary = "Python compiler with full language support and CPython compatibility"
groups = ["default"]
dependencies = [
    "ordered-set>=4.1.0",
    "zstandard>=0.15",
]
files = [
    {file = "Nuitka-2.3.tar.gz", hash = "sha256:44f628d8b644e5166e5f47a2ee4aa192ca08f23f7fd784222d59cbf1a99733c1"},
]

[[package]]
name = "ordered-set"
version = "4.1.0"
requires_python = ">=3.7"
summary = "An OrderedSet is a custom MutableSet that remembers its order, so that every"
groups = ["default"]
files = [
    {file = "ordered-set-4.1.0.tar.gz", hash = "sha256:694a8e44c87657c59292ede72891eb91d34131f6531463aab3009191c77364a8"},
    {file = "ordered_set-4.1.0-py3-none-any.whl", hash = "sha256:046e1132c71fcf3330438a539928932caf51ddbc582496833e23de611de14562"},
]

[[package]]
name = "pycparser"
version = "2.22"
requires_python = ">=3.8"
summary = "C parser in Python"
groups = ["default"]
marker = "platform_python_implementation == \"PyPy\""
files = [
    {file = "pycparser-2.22-py3-none-any.whl", hash = "sha256:c3702b6d3dd8c7abc1afa565d7e63d53a1d0bd86cdc24edd75470f4de499cfcc"},
    {file = "pycparser-2.22.tar.gz", hash = "sha256:491c8be9c040f5390f5bf44a5b07752bd07f56edf992381b05c701439eec10f6"},
]

[[package]]
name = "windnd"
version = "1.0.7"
summary = "windows drag icon & drop load."
groups = ["default"]
files = [
    {file = "windnd-1.0.7-py3-none-any.whl", hash = "sha256:357ed0b00e801342a6997f851ee3d5185da2ad4827e0d404d16a2684006c0244"},
]

[[package]]
name = "zstandard"
version = "0.22.0"
requires_python = ">=3.8"
summary = "Zstandard bindings for Python"
groups = ["default"]
dependencies = [
    "cffi>=1.11; platform_python_implementation == \"PyPy\"",
]
files = [
    {file = "zstandard-0.22.0-cp38-cp38-macosx_10_9_x86_64.whl", hash = "sha256:d75f693bb4e92c335e0645e8845e553cd09dc91616412d1d4650da835b5449df"},
    {file = "zstandard-0.22.0-cp38-cp38-macosx_11_0_arm64.whl", hash = "sha256:36a47636c3de227cd765e25a21dc5dace00539b82ddd99ee36abae38178eff9e"},
    {file = "zstandard-0.22.0-cp38-cp38-manylinux_2_17_aarch64.manylinux2014_aarch64.whl", hash = "sha256:68953dc84b244b053c0d5f137a21ae8287ecf51b20872eccf8eaac0302d3e3b0"},
    {file = "zstandard-0.22.0-cp38-cp38-manylinux_2_17_x86_64.manylinux2014_x86_64.whl", hash = "sha256:2612e9bb4977381184bb2463150336d0f7e014d6bb5d4a370f9a372d21916f69"},
    {file = "zstandard-0.22.0-cp38-cp38-manylinux_2_5_i686.manylinux1_i686.manylinux_2_17_i686.manylinux2014_i686.whl", hash = "sha256:23d2b3c2b8e7e5a6cb7922f7c27d73a9a615f0a5ab5d0e03dd533c477de23004"},
    {file = "zstandard-0.22.0-cp38-cp38-musllinux_1_1_aarch64.whl", hash = "sha256:1d43501f5f31e22baf822720d82b5547f8a08f5386a883b32584a185675c8fbf"},
    {file = "zstandard-0.22.0-cp38-cp38-musllinux_1_1_x86_64.whl", hash = "sha256:a493d470183ee620a3df1e6e55b3e4de8143c0ba1b16f3ded83208ea8ddfd91d"},
    {file = "zstandard-0.22.0-cp38-cp38-win32.whl", hash = "sha256:7034d381789f45576ec3f1fa0e15d741828146439228dc3f7c59856c5bcd3292"},
    {file = "zstandard-0.22.0-cp38-cp38-win_amd64.whl", hash = "sha256:d8fff0f0c1d8bc5d866762ae95bd99d53282337af1be9dc0d88506b340e74b73"},
    {file = "zstandard-0.22.0.tar.gz", hash = "sha256:8226a33c542bcb54cd6bd0a366067b610b41713b64c9abec1bc4533d69f51e70"},
]
