# This file is @generated by PDM.
# It is not intended for manual editing.

[metadata]
groups = ["default"]
strategy = ["cross_platform", "inherit_metadata"]
lock_version = "4.4.1"
content_hash = "sha256:1645be9de689b48d59fec47de9412ca81b251bc4877b039f8308a0a184bb15cd"

[[package]]
name = "windnd"
version = "1.0.7"
summary = "windows drag icon & drop load."
groups = ["default"]
files = [
    {file = "windnd-1.0.7-py3-none-any.whl", hash = "sha256:357ed0b00e801342a6997f851ee3d5185da2ad4827e0d404d16a2684006c0244"},
]
